
Microsoft Visual Studio Solution File, Format Version 12.00
# Visual Studio Version 16
VisualStudioVersion = 16.0.30225.117
MinimumVisualStudioVersion = 10.0.40219.1
Project("{9A19103F-16F7-4668-BE54-9A1E7A4F7556}") = "MonkeyTyper.Core", "src\MonkeyTyper.Core\MonkeyTyper.Core.csproj", "{F989D428-56B3-46D4-A844-0F824FE95AED}"
EndProject
Project("{9A19103F-16F7-4668-BE54-9A1E7A4F7556}") = "MonkeyTyper.WinForms", "src\MonkeyTyper.WinForms\MonkeyTyper.WinForms.csproj", "{70EE5646-BE5C-4589-9071-FC5A5FF42B94}"
EndProject
Project("{FAE04EC0-301F-11D3-BF4B-00C04F79EFBC}") = "MonkeyTyper.Plugins.DataReaders.DSV", "MonkeyTyper.Plugins.DataReaders.DSV\MonkeyTyper.Plugins.DataReaders.DSV.csproj", "{39999D6F-926C-4EAD-84CE-07E167EB00B6}"
EndProject
Global
	GlobalSection(SolutionConfigurationPlatforms) = preSolution
		Debug|Any CPU = Debug|Any CPU
		Release|Any CPU = Release|Any CPU
	EndGlobalSection
	GlobalSection(ProjectConfigurationPlatforms) = postSolution
		{F989D428-56B3-46D4-A844-0F824FE95AED}.Debug|Any CPU.ActiveCfg = Debug|Any CPU
		{F989D428-56B3-46D4-A844-0F824FE95AED}.Debug|Any CPU.Build.0 = Debug|Any CPU
		{F989D428-56B3-46D4-A844-0F824FE95AED}.Release|Any CPU.ActiveCfg = Release|Any CPU
		{F989D428-56B3-46D4-A844-0F824FE95AED}.Release|Any CPU.Build.0 = Release|Any CPU
		{70EE5646-BE5C-4589-9071-FC5A5FF42B94}.Debug|Any CPU.ActiveCfg = Debug|Any CPU
		{70EE5646-BE5C-4589-9071-FC5A5FF42B94}.Debug|Any CPU.Build.0 = Debug|Any CPU
		{70EE5646-BE5C-4589-9071-FC5A5FF42B94}.Release|Any CPU.ActiveCfg = Release|Any CPU
		{70EE5646-BE5C-4589-9071-FC5A5FF42B94}.Release|Any CPU.Build.0 = Release|Any CPU
		{39999D6F-926C-4EAD-84CE-07E167EB00B6}.Debug|Any CPU.ActiveCfg = Debug|Any CPU
		{39999D6F-926C-4EAD-84CE-07E167EB00B6}.Debug|Any CPU.Build.0 = Debug|Any CPU
		{39999D6F-926C-4EAD-84CE-07E167EB00B6}.Release|Any CPU.ActiveCfg = Release|Any CPU
		{39999D6F-926C-4EAD-84CE-07E167EB00B6}.Release|Any CPU.Build.0 = Release|Any CPU
	EndGlobalSection
	GlobalSection(SolutionProperties) = preSolution
		HideSolutionNode = FALSE
	EndGlobalSection
	GlobalSection(ExtensibilityGlobals) = postSolution
		SolutionGuid = {10CC05B1-89E2-4032-AE8B-46E07AB9C254}
	EndGlobalSection
EndGlobal
